
Microsoft Visual Studio Solution File, Format Version 12.00
# Visual Studio 2012
Project("{FAE04EC0-301F-11D3-BF4B-00C04F79EFBC}") = "HilbertTransformation", "HilbertTransformation\HilbertTransformation.csproj", "{8105A344-A241-4CAB-979E-6290E01E97D6}"
EndProject
Project("{FAE04EC0-301F-11D3-BF4B-00C04F79EFBC}") = "HilbertTransformationTests", "HilbertTransformationTests\HilbertTransformationTests.csproj", "{65093B83-5D70-4FE8-869D-CA2894477DE4}"
EndProject
Project("{2150E333-8FDC-42A3-9474-1A3956D46DE8}") = "Solution Items", "Solution Items", "{C401A0EB-4CCA-4479-8213-7D37AB9E4E13}"
	ProjectSection(SolutionItems) = preProject
		README.md = README.md
	EndProjectSection
EndProject
Global
	GlobalSection(SolutionConfigurationPlatforms) = preSolution
		Debug|Any CPU = Debug|Any CPU
		Release|Any CPU = Release|Any CPU
	EndGlobalSection
	GlobalSection(ProjectConfigurationPlatforms) = postSolution
		{8105A344-A241-4CAB-979E-6290E01E97D6}.Debug|Any CPU.ActiveCfg = Debug|Any CPU
		{8105A344-A241-4CAB-979E-6290E01E97D6}.Debug|Any CPU.Build.0 = Debug|Any CPU
		{8105A344-A241-4CAB-979E-6290E01E97D6}.Release|Any CPU.ActiveCfg = Release|Any CPU
		{8105A344-A241-4CAB-979E-6290E01E97D6}.Release|Any CPU.Build.0 = Release|Any CPU
		{65093B83-5D70-4FE8-869D-CA2894477DE4}.Debug|Any CPU.ActiveCfg = Debug|Any CPU
		{65093B83-5D70-4FE8-869D-CA2894477DE4}.Debug|Any CPU.Build.0 = Debug|Any CPU
		{65093B83-5D70-4FE8-869D-CA2894477DE4}.Release|Any CPU.ActiveCfg = Release|Any CPU
		{65093B83-5D70-4FE8-869D-CA2894477DE4}.Release|Any CPU.Build.0 = Release|Any CPU
	EndGlobalSection
EndGlobal
